
Microsoft Visual Studio Solution File, Format Version 12.00
# Visual Studio Version 16
VisualStudioVersion = 16.0.30114.105
MinimumVisualStudioVersion = 10.0.40219.1
Project("{FAE04EC0-301F-11D3-BF4B-00C04F79EFBC}") = "Kurs", "Kurs.csproj", "{3140DEFE-85E2-40CB-8AA1-080B77D97DDA}"
EndProject
Global
	GlobalSection(SolutionConfigurationPlatforms) = preSolution
		Debug|Any CPU = Debug|Any CPU
		Release|Any CPU = Release|Any CPU
	EndGlobalSection
	GlobalSection(ProjectConfigurationPlatforms) = postSolution
		{3140DEFE-85E2-40CB-8AA1-080B77D97DDA}.Debug|Any CPU.ActiveCfg = Debug|Any CPU
		{3140DEFE-85E2-40CB-8AA1-080B77D97DDA}.Debug|Any CPU.Build.0 = Debug|Any CPU
		{3140DEFE-85E2-40CB-8AA1-080B77D97DDA}.Release|Any CPU.ActiveCfg = Release|Any CPU
		{3140DEFE-85E2-40CB-8AA1-080B77D97DDA}.Release|Any CPU.Build.0 = Release|Any CPU
	EndGlobalSection
	GlobalSection(SolutionProperties) = preSolution
		HideSolutionNode = FALSE
	EndGlobalSection
	GlobalSection(ExtensibilityGlobals) = postSolution
		SolutionGuid = {11696856-EF74-46FE-818A-06B52CADDBD7}
	EndGlobalSection
EndGlobal
